
Microsoft Visual Studio Solution File, Format Version 12.00
# Visual Studio Version 16
VisualStudioVersion = 16.0.30907.101
MinimumVisualStudioVersion = 10.0.40219.1
Project("{FAE04EC0-301F-11D3-BF4B-00C04F79EFBC}") = "FibonacciModified", "FibonacciModified.csproj", "{05A3CCA0-71BC-4FBA-875C-A6F3C57EAAA8}"
EndProject
Global
	GlobalSection(SolutionConfigurationPlatforms) = preSolution
		Debug|Any CPU = Debug|Any CPU
		Release|Any CPU = Release|Any CPU
	EndGlobalSection
	GlobalSection(ProjectConfigurationPlatforms) = postSolution
		{05A3CCA0-71BC-4FBA-875C-A6F3C57EAAA8}.Debug|Any CPU.ActiveCfg = Debug|Any CPU
		{05A3CCA0-71BC-4FBA-875C-A6F3C57EAAA8}.Debug|Any CPU.Build.0 = Debug|Any CPU
		{05A3CCA0-71BC-4FBA-875C-A6F3C57EAAA8}.Release|Any CPU.ActiveCfg = Release|Any CPU
		{05A3CCA0-71BC-4FBA-875C-A6F3C57EAAA8}.Release|Any CPU.Build.0 = Release|Any CPU
	EndGlobalSection
	GlobalSection(SolutionProperties) = preSolution
		HideSolutionNode = FALSE
	EndGlobalSection
	GlobalSection(ExtensibilityGlobals) = postSolution
		SolutionGuid = {B92F116F-373F-41CA-A175-959F6B29A954}
	EndGlobalSection
EndGlobal
